
Microsoft Visual Studio Solution File, Format Version 12.00
# Visual Studio Version 16
VisualStudioVersion = 16.0.30611.23
MinimumVisualStudioVersion = 10.0.40219.1
Project("{FAE04EC0-301F-11D3-BF4B-00C04F79EFBC}") = "FunctionApp2", "FunctionApp2\FunctionApp2.csproj", "{7DCBD8B5-770B-4956-A7AA-17A09F2F9521}"
EndProject
Global
	GlobalSection(SolutionConfigurationPlatforms) = preSolution
		Debug|Any CPU = Debug|Any CPU
		Release|Any CPU = Release|Any CPU
	EndGlobalSection
	GlobalSection(ProjectConfigurationPlatforms) = postSolution
		{7DCBD8B5-770B-4956-A7AA-17A09F2F9521}.Debug|Any CPU.ActiveCfg = Debug|Any CPU
		{7DCBD8B5-770B-4956-A7AA-17A09F2F9521}.Debug|Any CPU.Build.0 = Debug|Any CPU
		{7DCBD8B5-770B-4956-A7AA-17A09F2F9521}.Release|Any CPU.ActiveCfg = Release|Any CPU
		{7DCBD8B5-770B-4956-A7AA-17A09F2F9521}.Release|Any CPU.Build.0 = Release|Any CPU
	EndGlobalSection
	GlobalSection(SolutionProperties) = preSolution
		HideSolutionNode = FALSE
	EndGlobalSection
	GlobalSection(ExtensibilityGlobals) = postSolution
		SolutionGuid = {16899830-C33E-49D6-A3E0-125852FC5949}
	EndGlobalSection
EndGlobal
